// !$*UTF8*$!
{
	archiveVersion = 1;
	classes = {
	};
	objectVersion = 55;
	objects = {

/* Begin PBXBuildFile section */
		F0489D6A2851F1AD00DAA18D /* AppDelegate.swift in Sources */ = {isa = PBXBuildFile; fileRef = F0489D692851F1AD00DAA18D /* AppDelegate.swift */; };
		F0489D6C2851F1AD00DAA18D /* SceneDelegate.swift in Sources */ = {isa = PBXBuildFile; fileRef = F0489D6B2851F1AD00DAA18D /* SceneDelegate.swift */; };
		F0489D6E2851F1AD00DAA18D /* MainTabBarViewController.swift in Sources */ = {isa = PBXBuildFile; fileRef = F0489D6D2851F1AD00DAA18D /* MainTabBarViewController.swift */; };
		F0489D732851F1AE00DAA18D /* Assets.xcassets in Resources */ = {isa = PBXBuildFile; fileRef = F0489D722851F1AE00DAA18D /* Assets.xcassets */; };
		F0489D762851F1AE00DAA18D /* LaunchScreen.storyboard in Resources */ = {isa = PBXBuildFile; fileRef = F0489D742851F1AE00DAA18D /* LaunchScreen.storyboard */; };
		F0489D822851F55E00DAA18D /* HomeViewController.swift in Sources */ = {isa = PBXBuildFile; fileRef = F0489D812851F55E00DAA18D /* HomeViewController.swift */; };
		F0489D842851F5C400DAA18D /* UpComingViewController.swift in Sources */ = {isa = PBXBuildFile; fileRef = F0489D832851F5C400DAA18D /* UpComingViewController.swift */; };
		F0489D862851F5F700DAA18D /* SearchViewController.swift in Sources */ = {isa = PBXBuildFile; fileRef = F0489D852851F5F700DAA18D /* SearchViewController.swift */; };
		F0489D882851F61500DAA18D /* DownloadViewController.swift in Sources */ = {isa = PBXBuildFile; fileRef = F0489D872851F61500DAA18D /* DownloadViewController.swift */; };
		F0489D8F2852051100DAA18D /* CollectionViewTableViewCell.swift in Sources */ = {isa = PBXBuildFile; fileRef = F0489D8E2852051100DAA18D /* CollectionViewTableViewCell.swift */; };
		F0489D9128520C4600DAA18D /* HeroHeaderView.swift in Sources */ = {isa = PBXBuildFile; fileRef = F0489D9028520C4600DAA18D /* HeroHeaderView.swift */; };
		F0489D93285324D500DAA18D /* ApiCaller.swift in Sources */ = {isa = PBXBuildFile; fileRef = F0489D92285324D500DAA18D /* ApiCaller.swift */; };
		F0489D9528532CD300DAA18D /* Title.swift in Sources */ = {isa = PBXBuildFile; fileRef = F0489D9428532CD300DAA18D /* Title.swift */; };
		F0489D972853344E00DAA18D /* Extrenshions.swift in Sources */ = {isa = PBXBuildFile; fileRef = F0489D962853344E00DAA18D /* Extrenshions.swift */; };
		F07B080C285490E400C7ED2F /* TitleCollectionViewCell.swift in Sources */ = {isa = PBXBuildFile; fileRef = F07B080B285490E400C7ED2F /* TitleCollectionViewCell.swift */; };
		F07B080F2854927800C7ED2F /* SDWebImage in Frameworks */ = {isa = PBXBuildFile; productRef = F07B080E2854927800C7ED2F /* SDWebImage */; };
		F07B08112854927800C7ED2F /* SDWebImageMapKit in Frameworks */ = {isa = PBXBuildFile; productRef = F07B08102854927800C7ED2F /* SDWebImageMapKit */; };
/* End PBXBuildFile section */

/* Begin PBXFileReference section */
		F0489D662851F1AD00DAA18D /* netflix-clone.app */ = {isa = PBXFileReference; explicitFileType = wrapper.application; includeInIndex = 0; path = "netflix-clone.app"; sourceTree = BUILT_PRODUCTS_DIR; };
		F0489D692851F1AD00DAA18D /* AppDelegate.swift */ = {isa = PBXFileReference; lastKnownFileType = sourcecode.swift; path = AppDelegate.swift; sourceTree = "<group>"; };
		F0489D6B2851F1AD00DAA18D /* SceneDelegate.swift */ = {isa = PBXFileReference; lastKnownFileType = sourcecode.swift; path = SceneDelegate.swift; sourceTree = "<group>"; };
		F0489D6D2851F1AD00DAA18D /* MainTabBarViewController.swift */ = {isa = PBXFileReference; lastKnownFileType = sourcecode.swift; path = MainTabBarViewController.swift; sourceTree = "<group>"; };
		F0489D722851F1AE00DAA18D /* Assets.xcassets */ = {isa = PBXFileReference; lastKnownFileType = folder.assetcatalog; path = Assets.xcassets; sourceTree = "<group>"; };
		F0489D752851F1AE00DAA18D /* Base */ = {isa = PBXFileReference; lastKnownFileType = file.storyboard; name = Base; path = Base.lproj/LaunchScreen.storyboard; sourceTree = "<group>"; };
		F0489D772851F1AE00DAA18D /* Info.plist */ = {isa = PBXFileReference; lastKnownFileType = text.plist.xml; path = Info.plist; sourceTree = "<group>"; };
		F0489D812851F55E00DAA18D /* HomeViewController.swift */ = {isa = PBXFileReference; lastKnownFileType = sourcecode.swift; path = HomeViewController.swift; sourceTree = "<group>"; };
		F0489D832851F5C400DAA18D /* UpComingViewController.swift */ = {isa = PBXFileReference; lastKnownFileType = sourcecode.swift; path = UpComingViewController.swift; sourceTree = "<group>"; };
		F0489D852851F5F700DAA18D /* SearchViewController.swift */ = {isa = PBXFileReference; lastKnownFileType = sourcecode.swift; path = SearchViewController.swift; sourceTree = "<group>"; };
		F0489D872851F61500DAA18D /* DownloadViewController.swift */ = {isa = PBXFileReference; lastKnownFileType = sourcecode.swift; path = DownloadViewController.swift; sourceTree = "<group>"; };
		F0489D8E2852051100DAA18D /* CollectionViewTableViewCell.swift */ = {isa = PBXFileReference; lastKnownFileType = sourcecode.swift; path = CollectionViewTableViewCell.swift; sourceTree = "<group>"; };
		F0489D9028520C4600DAA18D /* HeroHeaderView.swift */ = {isa = PBXFileReference; lastKnownFileType = sourcecode.swift; path = HeroHeaderView.swift; sourceTree = "<group>"; };
		F0489D92285324D500DAA18D /* ApiCaller.swift */ = {isa = PBXFileReference; lastKnownFileType = sourcecode.swift; path = ApiCaller.swift; sourceTree = "<group>"; };
		F0489D9428532CD300DAA18D /* Title.swift */ = {isa = PBXFileReference; lastKnownFileType = sourcecode.swift; path = Title.swift; sourceTree = "<group>"; };
		F0489D962853344E00DAA18D /* Extrenshions.swift */ = {isa = PBXFileReference; lastKnownFileType = sourcecode.swift; path = Extrenshions.swift; sourceTree = "<group>"; };
		F07B080B285490E400C7ED2F /* TitleCollectionViewCell.swift */ = {isa = PBXFileReference; lastKnownFileType = sourcecode.swift; path = TitleCollectionViewCell.swift; sourceTree = "<group>"; };
/* End PBXFileReference section */

/* Begin PBXFrameworksBuildPhase section */
		F0489D632851F1AD00DAA18D /* Frameworks */ = {
			isa = PBXFrameworksBuildPhase;
			buildActionMask = 2147483647;
			files = (
				F07B08112854927800C7ED2F /* SDWebImageMapKit in Frameworks */,
				F07B080F2854927800C7ED2F /* SDWebImage in Frameworks */,
			);
			runOnlyForDeploymentPostprocessing = 0;
		};
/* End PBXFrameworksBuildPhase section */

/* Begin PBXGroup section */
		F0489D5D2851F1AD00DAA18D = {
			isa = PBXGroup;
			children = (
				F0489D682851F1AD00DAA18D /* netflix-clone */,
				F0489D672851F1AD00DAA18D /* Products */,
			);
			sourceTree = "<group>";
		};
		F0489D672851F1AD00DAA18D /* Products */ = {
			isa = PBXGroup;
			children = (
				F0489D662851F1AD00DAA18D /* netflix-clone.app */,
			);
			name = Products;
			sourceTree = "<group>";
		};
		F0489D682851F1AD00DAA18D /* netflix-clone */ = {
			isa = PBXGroup;
			children = (
				F0489D8C2852008900DAA18D /* Resources */,
				F0489D8D2852009300DAA18D /* Managers */,
				F0489D8B2852004D00DAA18D /* Models */,
				F0489D892852002D00DAA18D /* Views */,
				F0489D8A2852003F00DAA18D /* ViewModels */,
				F0489D7D2851F4EB00DAA18D /* Controller */,
				F0489D692851F1AD00DAA18D /* AppDelegate.swift */,
				F0489D6B2851F1AD00DAA18D /* SceneDelegate.swift */,
				F0489D6D2851F1AD00DAA18D /* MainTabBarViewController.swift */,
				F0489D722851F1AE00DAA18D /* Assets.xcassets */,
				F0489D742851F1AE00DAA18D /* LaunchScreen.storyboard */,
				F0489D772851F1AE00DAA18D /* Info.plist */,
			);
			path = "netflix-clone";
			sourceTree = "<group>";
		};
		F0489D7D2851F4EB00DAA18D /* Controller */ = {
			isa = PBXGroup;
			children = (
				F0489D812851F55E00DAA18D /* HomeViewController.swift */,
				F0489D832851F5C400DAA18D /* UpComingViewController.swift */,
				F0489D852851F5F700DAA18D /* SearchViewController.swift */,
				F0489D872851F61500DAA18D /* DownloadViewController.swift */,
			);
			path = Controller;
			sourceTree = "<group>";
		};
		F0489D892852002D00DAA18D /* Views */ = {
			isa = PBXGroup;
			children = (
				F0489D8E2852051100DAA18D /* CollectionViewTableViewCell.swift */,
				F0489D9028520C4600DAA18D /* HeroHeaderView.swift */,
				F07B080B285490E400C7ED2F /* TitleCollectionViewCell.swift */,
			);
			path = Views;
			sourceTree = "<group>";
		};
		F0489D8A2852003F00DAA18D /* ViewModels */ = {
			isa = PBXGroup;
			children = (
			);
			path = ViewModels;
			sourceTree = "<group>";
		};
		F0489D8B2852004D00DAA18D /* Models */ = {
			isa = PBXGroup;
			children = (
				F0489D9428532CD300DAA18D /* Title.swift */,
			);
			path = Models;
			sourceTree = "<group>";
		};
		F0489D8C2852008900DAA18D /* Resources */ = {
			isa = PBXGroup;
			children = (
				F0489D962853344E00DAA18D /* Extrenshions.swift */,
			);
			path = Resources;
			sourceTree = "<group>";
		};
		F0489D8D2852009300DAA18D /* Managers */ = {
			isa = PBXGroup;
			children = (
				F0489D92285324D500DAA18D /* ApiCaller.swift */,
			);
			path = Managers;
			sourceTree = "<group>";
		};
/* End PBXGroup section */

/* Begin PBXNativeTarget section */
		F0489D652851F1AD00DAA18D /* netflix-clone */ = {
			isa = PBXNativeTarget;
			buildConfigurationList = F0489D7A2851F1AE00DAA18D /* Build configuration list for PBXNativeTarget "netflix-clone" */;
			buildPhases = (
				F0489D622851F1AD00DAA18D /* Sources */,
				F0489D632851F1AD00DAA18D /* Frameworks */,
				F0489D642851F1AD00DAA18D /* Resources */,
			);
			buildRules = (
			);
			dependencies = (
			);
			name = "netflix-clone";
			packageProductDependencies = (
				F07B080E2854927800C7ED2F /* SDWebImage */,
				F07B08102854927800C7ED2F /* SDWebImageMapKit */,
			);
			productName = "netflix-clone";
			productReference = F0489D662851F1AD00DAA18D /* netflix-clone.app */;
			productType = "com.apple.product-type.application";
		};
/* End PBXNativeTarget section */

/* Begin PBXProject section */
		F0489D5E2851F1AD00DAA18D /* Project object */ = {
			isa = PBXProject;
			attributes = {
				BuildIndependentTargetsInParallel = 1;
				LastSwiftUpdateCheck = 1340;
				LastUpgradeCheck = 1340;
				TargetAttributes = {
					F0489D652851F1AD00DAA18D = {
						CreatedOnToolsVersion = 13.4.1;
					};
				};
			};
			buildConfigurationList = F0489D612851F1AD00DAA18D /* Build configuration list for PBXProject "netflix-clone" */;
			compatibilityVersion = "Xcode 13.0";
			developmentRegion = en;
			hasScannedForEncodings = 0;
			knownRegions = (
				en,
				Base,
			);
			mainGroup = F0489D5D2851F1AD00DAA18D;
			packageReferences = (
				F07B080D2854927800C7ED2F /* XCRemoteSwiftPackageReference "SDWebImage" */,
			);
			productRefGroup = F0489D672851F1AD00DAA18D /* Products */;
			projectDirPath = "";
			projectRoot = "";
			targets = (
				F0489D652851F1AD00DAA18D /* netflix-clone */,
			);
		};
/* End PBXProject section */

/* Begin PBXResourcesBuildPhase section */
		F0489D642851F1AD00DAA18D /* Resources */ = {
			isa = PBXResourcesBuildPhase;
			buildActionMask = 2147483647;
			files = (
				F0489D762851F1AE00DAA18D /* LaunchScreen.storyboard in Resources */,
				F0489D732851F1AE00DAA18D /* Assets.xcassets in Resources */,
			);
			runOnlyForDeploymentPostprocessing = 0;
		};
/* End PBXResourcesBuildPhase section */

/* Begin PBXSourcesBuildPhase section */
		F0489D622851F1AD00DAA18D /* Sources */ = {
			isa = PBXSourcesBuildPhase;
			buildActionMask = 2147483647;
			files = (
				F0489D862851F5F700DAA18D /* SearchViewController.swift in Sources */,
				F07B080C285490E400C7ED2F /* TitleCollectionViewCell.swift in Sources */,
				F0489D6E2851F1AD00DAA18D /* MainTabBarViewController.swift in Sources */,
				F0489D8F2852051100DAA18D /* CollectionViewTableViewCell.swift in Sources */,
				F0489D9128520C4600DAA18D /* HeroHeaderView.swift in Sources */,
				F0489D6A2851F1AD00DAA18D /* AppDelegate.swift in Sources */,
				F0489D882851F61500DAA18D /* DownloadViewController.swift in Sources */,
				F0489D842851F5C400DAA18D /* UpComingViewController.swift in Sources */,
				F0489D972853344E00DAA18D /* Extrenshions.swift in Sources */,
				F0489D6C2851F1AD00DAA18D /* SceneDelegate.swift in Sources */,
				F0489D822851F55E00DAA18D /* HomeViewController.swift in Sources */,
				F0489D9528532CD300DAA18D /* Title.swift in Sources */,
				F0489D93285324D500DAA18D /* ApiCaller.swift in Sources */,
			);
			runOnlyForDeploymentPostprocessing = 0;
		};
/* End PBXSourcesBuildPhase section */

/* Begin PBXVariantGroup section */
		F0489D742851F1AE00DAA18D /* LaunchScreen.storyboard */ = {
			isa = PBXVariantGroup;
			children = (
				F0489D752851F1AE00DAA18D /* Base */,
			);
			name = LaunchScreen.storyboard;
			sourceTree = "<group>";
		};
/* End PBXVariantGroup section */

/* Begin XCBuildConfiguration section */
		F0489D782851F1AE00DAA18D /* Debug */ = {
			isa = XCBuildConfiguration;
			buildSettings = {
				ALWAYS_SEARCH_USER_PATHS = NO;
				CLANG_ANALYZER_NONNULL = YES;
				CLANG_ANALYZER_NUMBER_OBJECT_CONVERSION = YES_AGGRESSIVE;
				CLANG_CXX_LANGUAGE_STANDARD = "gnu++17";
				CLANG_ENABLE_MODULES = YES;
				CLANG_ENABLE_OBJC_ARC = YES;
				CLANG_ENABLE_OBJC_WEAK = YES;
				CLANG_WARN_BLOCK_CAPTURE_AUTORELEASING = YES;
				CLANG_WARN_BOOL_CONVERSION = YES;
				CLANG_WARN_COMMA = YES;
				CLANG_WARN_CONSTANT_CONVERSION = YES;
				CLANG_WARN_DEPRECATED_OBJC_IMPLEMENTATIONS = YES;
				CLANG_WARN_DIRECT_OBJC_ISA_USAGE = YES_ERROR;
				CLANG_WARN_DOCUMENTATION_COMMENTS = YES;
				CLANG_WARN_EMPTY_BODY = YES;
				CLANG_WARN_ENUM_CONVERSION = YES;
				CLANG_WARN_INFINITE_RECURSION = YES;
				CLANG_WARN_INT_CONVERSION = YES;
				CLANG_WARN_NON_LITERAL_NULL_CONVERSION = YES;
				CLANG_WARN_OBJC_IMPLICIT_RETAIN_SELF = YES;
				CLANG_WARN_OBJC_LITERAL_CONVERSION = YES;
				CLANG_WARN_OBJC_ROOT_CLASS = YES_ERROR;
				CLANG_WARN_QUOTED_INCLUDE_IN_FRAMEWORK_HEADER = YES;
				CLANG_WARN_RANGE_LOOP_ANALYSIS = YES;
				CLANG_WARN_STRICT_PROTOTYPES = YES;
				CLANG_WARN_SUSPICIOUS_MOVE = YES;
				CLANG_WARN_UNGUARDED_AVAILABILITY = YES_AGGRESSIVE;
				CLANG_WARN_UNREACHABLE_CODE = YES;
				CLANG_WARN__DUPLICATE_METHOD_MATCH = YES;
				COPY_PHASE_STRIP = NO;
				DEBUG_INFORMATION_FORMAT = dwarf;
				ENABLE_STRICT_OBJC_MSGSEND = YES;
				ENABLE_TESTABILITY = YES;
				GCC_C_LANGUAGE_STANDARD = gnu11;
				GCC_DYNAMIC_NO_PIC = NO;
				GCC_NO_COMMON_BLOCKS = YES;
				GCC_OPTIMIZATION_LEVEL = 0;
				GCC_PREPROCESSOR_DEFINITIONS = (
					"DEBUG=1",
					"$(inherited)",
				);
				GCC_WARN_64_TO_32_BIT_CONVERSION = YES;
				GCC_WARN_ABOUT_RETURN_TYPE = YES_ERROR;
				GCC_WARN_UNDECLARED_SELECTOR = YES;
				GCC_WARN_UNINITIALIZED_AUTOS = YES_AGGRESSIVE;
				GCC_WARN_UNUSED_FUNCTION = YES;
				GCC_WARN_UNUSED_VARIABLE = YES;
				IPHONEOS_DEPLOYMENT_TARGET = 15.5;
				MTL_ENABLE_DEBUG_INFO = INCLUDE_SOURCE;
				MTL_FAST_MATH = YES;
				ONLY_ACTIVE_ARCH = YES;
				SDKROOT = iphoneos;
				SWIFT_ACTIVE_COMPILATION_CONDITIONS = DEBUG;
				SWIFT_OPTIMIZATION_LEVEL = "-Onone";
			};
			name = Debug;
		};
		F0489D792851F1AE00DAA18D /* Release */ = {
			isa = XCBuildConfiguration;
			buildSettings = {
				ALWAYS_SEARCH_USER_PATHS = NO;
				CLANG_ANALYZER_NONNULL = YES;
				CLANG_ANALYZER_NUMBER_OBJECT_CONVERSION = YES_AGGRESSIVE;
				CLANG_CXX_LANGUAGE_STANDARD = "gnu++17";
				CLANG_ENABLE_MODULES = YES;
				CLANG_ENABLE_OBJC_ARC = YES;
				CLANG_ENABLE_OBJC_WEAK = YES;
				CLANG_WARN_BLOCK_CAPTURE_AUTORELEASING = YES;
				CLANG_WARN_BOOL_CONVERSION = YES;
				CLANG_WARN_COMMA = YES;
				CLANG_WARN_CONSTANT_CONVERSION = YES;
				CLANG_WARN_DEPRECATED_OBJC_IMPLEMENTATIONS = YES;
				CLANG_WARN_DIRECT_OBJC_ISA_USAGE = YES_ERROR;
				CLANG_WARN_DOCUMENTATION_COMMENTS = YES;
				CLANG_WARN_EMPTY_BODY = YES;
				CLANG_WARN_ENUM_CONVERSION = YES;
				CLANG_WARN_INFINITE_RECURSION = YES;
				CLANG_WARN_INT_CONVERSION = YES;
				CLANG_WARN_NON_LITERAL_NULL_CONVERSION = YES;
				CLANG_WARN_OBJC_IMPLICIT_RETAIN_SELF = YES;
				CLANG_WARN_OBJC_LITERAL_CONVERSION = YES;
				CLANG_WARN_OBJC_ROOT_CLASS = YES_ERROR;
				CLANG_WARN_QUOTED_INCLUDE_IN_FRAMEWORK_HEADER = YES;
				CLANG_WARN_RANGE_LOOP_ANALYSIS = YES;
				CLANG_WARN_STRICT_PROTOTYPES = YES;
				CLANG_WARN_SUSPICIOUS_MOVE = YES;
				CLANG_WARN_UNGUARDED_AVAILABILITY = YES_AGGRESSIVE;
				CLANG_WARN_UNREACHABLE_CODE = YES;
				CLANG_WARN__DUPLICATE_METHOD_MATCH = YES;
				COPY_PHASE_STRIP = NO;
				DEBUG_INFORMATION_FORMAT = "dwarf-with-dsym";
				ENABLE_NS_ASSERTIONS = NO;
				ENABLE_STRICT_OBJC_MSGSEND = YES;
				GCC_C_LANGUAGE_STANDARD = gnu11;
				GCC_NO_COMMON_BLOCKS = YES;
				GCC_WARN_64_TO_32_BIT_CONVERSION = YES;
				GCC_WARN_ABOUT_RETURN_TYPE = YES_ERROR;
				GCC_WARN_UNDECLARED_SELECTOR = YES;
				GCC_WARN_UNINITIALIZED_AUTOS = YES_AGGRESSIVE;
				GCC_WARN_UNUSED_FUNCTION = YES;
				GCC_WARN_UNUSED_VARIABLE = YES;
				IPHONEOS_DEPLOYMENT_TARGET = 15.5;
				MTL_ENABLE_DEBUG_INFO = NO;
				MTL_FAST_MATH = YES;
				SDKROOT = iphoneos;
				SWIFT_COMPILATION_MODE = wholemodule;
				SWIFT_OPTIMIZATION_LEVEL = "-O";
				VALIDATE_PRODUCT = YES;
			};
			name = Release;
		};
		F0489D7B2851F1AE00DAA18D /* Debug */ = {
			isa = XCBuildConfiguration;
			buildSettings = {
				ASSETCATALOG_COMPILER_APPICON_NAME = AppIcon;
				ASSETCATALOG_COMPILER_GLOBAL_ACCENT_COLOR_NAME = AccentColor;
				CODE_SIGN_STYLE = Automatic;
				CURRENT_PROJECT_VERSION = 1;
				DEVELOPMENT_TEAM = D8B5WL8ANA;
				GENERATE_INFOPLIST_FILE = YES;
				INFOPLIST_FILE = "netflix-clone/Info.plist";
				INFOPLIST_KEY_UIApplicationSupportsIndirectInputEvents = YES;
				INFOPLIST_KEY_UILaunchStoryboardName = LaunchScreen;
				INFOPLIST_KEY_UISupportedInterfaceOrientations_iPad = "UIInterfaceOrientationPortrait UIInterfaceOrientationPortraitUpsideDown UIInterfaceOrientationLandscapeLeft UIInterfaceOrientationLandscapeRight";
				INFOPLIST_KEY_UISupportedInterfaceOrientations_iPhone = "UIInterfaceOrientationPortrait UIInterfaceOrientationLandscapeLeft UIInterfaceOrientationLandscapeRight";
				LD_RUNPATH_SEARCH_PATHS = (
					"$(inherited)",
					"@executable_path/Frameworks",
				);
				MARKETING_VERSION = 1.0;
				PRODUCT_BUNDLE_IDENTIFIER = "com.egordultsev.netflix-clone";
				PRODUCT_NAME = "$(TARGET_NAME)";
				SWIFT_EMIT_LOC_STRINGS = YES;
				SWIFT_VERSION = 5.0;
				TARGETED_DEVICE_FAMILY = "1,2";
			};
			name = Debug;
		};
		F0489D7C2851F1AE00DAA18D /* Release */ = {
			isa = XCBuildConfiguration;
			buildSettings = {
				ASSETCATALOG_COMPILER_APPICON_NAME = AppIcon;
				ASSETCATALOG_COMPILER_GLOBAL_ACCENT_COLOR_NAME = AccentColor;
				CODE_SIGN_STYLE = Automatic;
				CURRENT_PROJECT_VERSION = 1;
				DEVELOPMENT_TEAM = D8B5WL8ANA;
				GENERATE_INFOPLIST_FILE = YES;
				INFOPLIST_FILE = "netflix-clone/Info.plist";
				INFOPLIST_KEY_UIApplicationSupportsIndirectInputEvents = YES;
				INFOPLIST_KEY_UILaunchStoryboardName = LaunchScreen;
				INFOPLIST_KEY_UISupportedInterfaceOrientations_iPad = "UIInterfaceOrientationPortrait UIInterfaceOrientationPortraitUpsideDown UIInterfaceOrientationLandscapeLeft UIInterfaceOrientationLandscapeRight";
				INFOPLIST_KEY_UISupportedInterfaceOrientations_iPhone = "UIInterfaceOrientationPortrait UIInterfaceOrientationLandscapeLeft UIInterfaceOrientationLandscapeRight";
				LD_RUNPATH_SEARCH_PATHS = (
					"$(inherited)",
					"@executable_path/Frameworks",
				);
				MARKETING_VERSION = 1.0;
				PRODUCT_BUNDLE_IDENTIFIER = "com.egordultsev.netflix-clone";
				PRODUCT_NAME = "$(TARGET_NAME)";
				SWIFT_EMIT_LOC_STRINGS = YES;
				SWIFT_VERSION = 5.0;
				TARGETED_DEVICE_FAMILY = "1,2";
			};
			name = Release;
		};
/* End XCBuildConfiguration section */

/* Begin XCConfigurationList section */
		F0489D612851F1AD00DAA18D /* Build configuration list for PBXProject "netflix-clone" */ = {
			isa = XCConfigurationList;
			buildConfigurations = (
				F0489D782851F1AE00DAA18D /* Debug */,
				F0489D792851F1AE00DAA18D /* Release */,
			);
			defaultConfigurationIsVisible = 0;
			defaultConfigurationName = Release;
		};
		F0489D7A2851F1AE00DAA18D /* Build configuration list for PBXNativeTarget "netflix-clone" */ = {
			isa = XCConfigurationList;
			buildConfigurations = (
				F0489D7B2851F1AE00DAA18D /* Debug */,
				F0489D7C2851F1AE00DAA18D /* Release */,
			);
			defaultConfigurationIsVisible = 0;
			defaultConfigurationName = Release;
		};
/* End XCConfigurationList section */

/* Begin XCRemoteSwiftPackageReference section */
		F07B080D2854927800C7ED2F /* XCRemoteSwiftPackageReference "SDWebImage" */ = {
			isa = XCRemoteSwiftPackageReference;
			repositoryURL = "https://github.com/SDWebImage/SDWebImage.git";
			requirement = {
				kind = upToNextMajorVersion;
				minimumVersion = 5.0.0;
			};
		};
/* End XCRemoteSwiftPackageReference section */

/* Begin XCSwiftPackageProductDependency section */
		F07B080E2854927800C7ED2F /* SDWebImage */ = {
			isa = XCSwiftPackageProductDependency;
			package = F07B080D2854927800C7ED2F /* XCRemoteSwiftPackageReference "SDWebImage" */;
			productName = SDWebImage;
		};
		F07B08102854927800C7ED2F /* SDWebImageMapKit */ = {
			isa = XCSwiftPackageProductDependency;
			package = F07B080D2854927800C7ED2F /* XCRemoteSwiftPackageReference "SDWebImage" */;
			productName = SDWebImageMapKit;
		};
/* End XCSwiftPackageProductDependency section */
	};
	rootObject = F0489D5E2851F1AD00DAA18D /* Project object */;
}
